
Microsoft Visual Studio Solution File, Format Version 12.00
# Visual Studio Version 16
VisualStudioVersion = 16.0.29905.134
MinimumVisualStudioVersion = 10.0.40219.1
Project("{FAE04EC0-301F-11D3-BF4B-00C04F79EFBC}") = "nesne2", "nesne2\nesne2.csproj", "{F5FFBD55-390A-4BE5-9A8E-A9905DBDF71D}"
EndProject
Global
	GlobalSection(SolutionConfigurationPlatforms) = preSolution
		Debug|Any CPU = Debug|Any CPU
		Release|Any CPU = Release|Any CPU
	EndGlobalSection
	GlobalSection(ProjectConfigurationPlatforms) = postSolution
		{F5FFBD55-390A-4BE5-9A8E-A9905DBDF71D}.Debug|Any CPU.ActiveCfg = Debug|Any CPU
		{F5FFBD55-390A-4BE5-9A8E-A9905DBDF71D}.Debug|Any CPU.Build.0 = Debug|Any CPU
		{F5FFBD55-390A-4BE5-9A8E-A9905DBDF71D}.Release|Any CPU.ActiveCfg = Release|Any CPU
		{F5FFBD55-390A-4BE5-9A8E-A9905DBDF71D}.Release|Any CPU.Build.0 = Release|Any CPU
	EndGlobalSection
	GlobalSection(SolutionProperties) = preSolution
		HideSolutionNode = FALSE
	EndGlobalSection
	GlobalSection(ExtensibilityGlobals) = postSolution
		SolutionGuid = {E533017F-6BE9-4998-A752-17693A3D7E33}
	EndGlobalSection
EndGlobal
